{
  "version": 2,
  "packages": {
    "illwill": {
      "version": "0.4.1",
      "vcsRevision": "99a120f7f69868b94f5d35ce7e21dd12535de70c",
      "url": "https://github.com/johnnovak/illwill",
      "downloadMethod": "git",
      "dependencies": [],
      "checksums": {
        "sha1": "9c58351502f89a16caf031cbd1992ad3fdfd3c67"
      }
    },
    "malebolgia": {
      "version": "1.3.2",
      "vcsRevision": "ab17bef08e8e84fabc33e0b039b324438e1ce27b",
      "url": "https://github.com/Araq/malebolgia",
      "downloadMethod": "git",
      "dependencies": [],
      "checksums": {
        "sha1": "5259d27784981c9146c823157d06fbba0bcf6d99"
      }
    },
    "threading": {
      "version": "0.2.1",
      "vcsRevision": "ee77a27eca7042a2b68061d0bcee691e5b56aa10",
      "url": "https://github.com/nim-lang/threading",
      "downloadMethod": "git",
      "dependencies": [],
      "checksums": {
        "sha1": "594ec27a467847166ef78767ff60e1c87d0f743f"
      }
    }
  },
  "tasks": {}
}
